// !$*UTF8*$!
{
	archiveVersion = 1;
	classes = {
	};
	objectVersion = 46;
	objects = {

/* Begin PBXBuildFile section */
		42016F521B2AF2B1008C7D90 /* events.json in Resources */ = {isa = PBXBuildFile; fileRef = 42016F511B2AF2B1008C7D90 /* events.json */; };
		4208015C1B1410D100397EE4 /* Shia.jpeg in Resources */ = {isa = PBXBuildFile; fileRef = 4208015B1B1410D100397EE4 /* Shia.jpeg */; };
		4208015E1B14120100397EE4 /* Button_Event.png in Resources */ = {isa = PBXBuildFile; fileRef = 4208015D1B14120100397EE4 /* Button_Event.png */; };
		420801601B14120C00397EE4 /* Button_Event_Special.png in Resources */ = {isa = PBXBuildFile; fileRef = 4208015F1B14120C00397EE4 /* Button_Event_Special.png */; };
		4222B1971B018C2900FCBA0F /* QuartzCore.framework in Frameworks */ = {isa = PBXBuildFile; fileRef = 4222B1961B018C2900FCBA0F /* QuartzCore.framework */; };
		4222B19B1B01A65F00FCBA0F /* TitleScreenController.swift in Sources */ = {isa = PBXBuildFile; fileRef = 4222B19A1B01A65F00FCBA0F /* TitleScreenController.swift */; };
		4222B19D1B01B23500FCBA0F /* Button_BG.png in Resources */ = {isa = PBXBuildFile; fileRef = 4222B19C1B01B23500FCBA0F /* Button_BG.png */; };
		4223F7891B13FDD000DD8A8B /* Blip_Active.png in Resources */ = {isa = PBXBuildFile; fileRef = 4223F7881B13FDD000DD8A8B /* Blip_Active.png */; };
		4223F78B1B13FDDD00DD8A8B /* Blip.png in Resources */ = {isa = PBXBuildFile; fileRef = 4223F78A1B13FDDD00DD8A8B /* Blip.png */; };
		4223F78D1B13FE1D00DD8A8B /* Blip_Current.png in Resources */ = {isa = PBXBuildFile; fileRef = 4223F78C1B13FE1D00DD8A8B /* Blip_Current.png */; };
		4223F78F1B1400C400DD8A8B /* BankController.swift in Sources */ = {isa = PBXBuildFile; fileRef = 4223F78E1B1400C400DD8A8B /* BankController.swift */; };
		4223F7931B14037E00DD8A8B /* Bank_BG.png in Resources */ = {isa = PBXBuildFile; fileRef = 4223F7921B14037E00DD8A8B /* Bank_BG.png */; };
		422733861B13246A00533025 /* Ticket_Button.png in Resources */ = {isa = PBXBuildFile; fileRef = 422733851B13246A00533025 /* Ticket_Button.png */; };
		423425DA1AF9C8DA00CF08DA /* AppDelegate.swift in Sources */ = {isa = PBXBuildFile; fileRef = 423425D91AF9C8DA00CF08DA /* AppDelegate.swift */; };
		423425DC1AF9C8DA00CF08DA /* MoviewController.swift in Sources */ = {isa = PBXBuildFile; fileRef = 423425DB1AF9C8DA00CF08DA /* MoviewController.swift */; };
		423425DE1AF9C8DB00CF08DA /* Images.xcassets in Resources */ = {isa = PBXBuildFile; fileRef = 423425DD1AF9C8DB00CF08DA /* Images.xcassets */; };
		423425E11AF9C8DC00CF08DA /* Main.storyboard in Resources */ = {isa = PBXBuildFile; fileRef = 423425DF1AF9C8DC00CF08DA /* Main.storyboard */; };
		423425ED1AF9C8DE00CF08DA /* New_WorldTests.swift in Sources */ = {isa = PBXBuildFile; fileRef = 423425EC1AF9C8DE00CF08DA /* New_WorldTests.swift */; };
		4266060F1B0AB5190065C32B /* CityScreenController.swift in Sources */ = {isa = PBXBuildFile; fileRef = 4266060E1B0AB5190065C32B /* CityScreenController.swift */; };
		426DEC7B1B14813100AC8E94 /* SwiftyJSON.swift in Sources */ = {isa = PBXBuildFile; fileRef = 426DEC7A1B14813100AC8E94 /* SwiftyJSON.swift */; };
		426DEC7D1B148B2600AC8E94 /* stores.json in Resources */ = {isa = PBXBuildFile; fileRef = 426DEC7C1B148B2600AC8E94 /* stores.json */; };
		428EE90F1B005C0B0003FB7C /* MainWindowController.swift in Sources */ = {isa = PBXBuildFile; fileRef = 428EE90E1B005C0B0003FB7C /* MainWindowController.swift */; };
		42A075F81B1466EC00B4131C /* EventController.swift in Sources */ = {isa = PBXBuildFile; fileRef = 42A075F71B1466EC00B4131C /* EventController.swift */; };
		42B2D36C1B1D2D4B00B079C1 /* user.json in Resources */ = {isa = PBXBuildFile; fileRef = 42B2D36B1B1D2D4B00B079C1 /* user.json */; };
		42B43C6E1B11B74D001EA9E4 /* Button_Large_BG.png in Resources */ = {isa = PBXBuildFile; fileRef = 42B43C6D1B11B74D001EA9E4 /* Button_Large_BG.png */; };
		42B43C701B11BA03001EA9E4 /* Back_Arrow.png in Resources */ = {isa = PBXBuildFile; fileRef = 42B43C6F1B11BA03001EA9E4 /* Back_Arrow.png */; };
		42B43C721B11BCEF001EA9E4 /* Train_Map.png in Resources */ = {isa = PBXBuildFile; fileRef = 42B43C711B11BCEF001EA9E4 /* Train_Map.png */; };
		42B43C751B11BE89001EA9E4 /* TrainStationController.swift in Sources */ = {isa = PBXBuildFile; fileRef = 42B43C731B11BE89001EA9E4 /* TrainStationController.swift */; };
		42BE94BF1B13264F007076A0 /* Ticket.png in Resources */ = {isa = PBXBuildFile; fileRef = 42BE94BE1B13264F007076A0 /* Ticket.png */; };
		42C627221B1407340012E5A3 /* Button_Thin.png in Resources */ = {isa = PBXBuildFile; fileRef = 42C627211B1407340012E5A3 /* Button_Thin.png */; };
		42C627241B14073B0012E5A3 /* Button_Wide.png in Resources */ = {isa = PBXBuildFile; fileRef = 42C627231B14073B0012E5A3 /* Button_Wide.png */; };
		42CC50AB1B0EE41800D7B841 /* utopolis.mp4 in Resources */ = {isa = PBXBuildFile; fileRef = 42CC50A31B0EE41800D7B841 /* utopolis.mp4 */; };
/* End PBXBuildFile section */

/* Begin PBXContainerItemProxy section */
		423425E71AF9C8DC00CF08DA /* PBXContainerItemProxy */ = {
			isa = PBXContainerItemProxy;
			containerPortal = 423425CC1AF9C8D700CF08DA /* Project object */;
			proxyType = 1;
			remoteGlobalIDString = 423425D31AF9C8D800CF08DA;
			remoteInfo = "New World";
		};
/* End PBXContainerItemProxy section */

/* Begin PBXFileReference section */
		42016F511B2AF2B1008C7D90 /* events.json */ = {isa = PBXFileReference; fileEncoding = 4; lastKnownFileType = text.json; path = events.json; sourceTree = "<group>"; };
		4208015B1B1410D100397EE4 /* Shia.jpeg */ = {isa = PBXFileReference; lastKnownFileType = image.jpeg; path = Shia.jpeg; sourceTree = "<group>"; };
		4208015D1B14120100397EE4 /* Button_Event.png */ = {isa = PBXFileReference; lastKnownFileType = image.png; path = Button_Event.png; sourceTree = "<group>"; };
		4208015F1B14120C00397EE4 /* Button_Event_Special.png */ = {isa = PBXFileReference; lastKnownFileType = image.png; path = Button_Event_Special.png; sourceTree = "<group>"; };
		4222B1961B018C2900FCBA0F /* QuartzCore.framework */ = {isa = PBXFileReference; lastKnownFileType = wrapper.framework; name = QuartzCore.framework; path = System/Library/Frameworks/QuartzCore.framework; sourceTree = SDKROOT; };
		4222B19A1B01A65F00FCBA0F /* TitleScreenController.swift */ = {isa = PBXFileReference; fileEncoding = 4; lastKnownFileType = sourcecode.swift; path = TitleScreenController.swift; sourceTree = "<group>"; };
		4222B19C1B01B23500FCBA0F /* Button_BG.png */ = {isa = PBXFileReference; lastKnownFileType = image.png; path = Button_BG.png; sourceTree = "<group>"; };
		4223F7881B13FDD000DD8A8B /* Blip_Active.png */ = {isa = PBXFileReference; lastKnownFileType = image.png; path = Blip_Active.png; sourceTree = "<group>"; };
		4223F78A1B13FDDD00DD8A8B /* Blip.png */ = {isa = PBXFileReference; lastKnownFileType = image.png; path = Blip.png; sourceTree = "<group>"; };
		4223F78C1B13FE1D00DD8A8B /* Blip_Current.png */ = {isa = PBXFileReference; lastKnownFileType = image.png; path = Blip_Current.png; sourceTree = "<group>"; };
		4223F78E1B1400C400DD8A8B /* BankController.swift */ = {isa = PBXFileReference; fileEncoding = 4; lastKnownFileType = sourcecode.swift; path = BankController.swift; sourceTree = "<group>"; };
		4223F7921B14037E00DD8A8B /* Bank_BG.png */ = {isa = PBXFileReference; lastKnownFileType = image.png; path = Bank_BG.png; sourceTree = "<group>"; };
		422733851B13246A00533025 /* Ticket_Button.png */ = {isa = PBXFileReference; lastKnownFileType = image.png; path = Ticket_Button.png; sourceTree = "<group>"; };
		423425D41AF9C8D800CF08DA /* New World.app */ = {isa = PBXFileReference; explicitFileType = wrapper.application; includeInIndex = 0; path = "New World.app"; sourceTree = BUILT_PRODUCTS_DIR; };
		423425D91AF9C8DA00CF08DA /* AppDelegate.swift */ = {isa = PBXFileReference; lastKnownFileType = sourcecode.swift; path = AppDelegate.swift; sourceTree = "<group>"; };
		423425DB1AF9C8DA00CF08DA /* MoviewController.swift */ = {isa = PBXFileReference; lastKnownFileType = sourcecode.swift; path = MoviewController.swift; sourceTree = "<group>"; };
		423425DD1AF9C8DB00CF08DA /* Images.xcassets */ = {isa = PBXFileReference; lastKnownFileType = folder.assetcatalog; path = Images.xcassets; sourceTree = "<group>"; };
		423425E01AF9C8DC00CF08DA /* Base */ = {isa = PBXFileReference; lastKnownFileType = file.storyboard; name = Base; path = Base.lproj/Main.storyboard; sourceTree = "<group>"; };
		423425E61AF9C8DC00CF08DA /* New WorldTests.xctest */ = {isa = PBXFileReference; explicitFileType = wrapper.cfbundle; includeInIndex = 0; path = "New WorldTests.xctest"; sourceTree = BUILT_PRODUCTS_DIR; };
		423425EB1AF9C8DE00CF08DA /* Info.plist */ = {isa = PBXFileReference; lastKnownFileType = text.plist.xml; path = Info.plist; sourceTree = "<group>"; };
		423425EC1AF9C8DE00CF08DA /* New_WorldTests.swift */ = {isa = PBXFileReference; lastKnownFileType = sourcecode.swift; path = New_WorldTests.swift; sourceTree = "<group>"; };
		4266060E1B0AB5190065C32B /* CityScreenController.swift */ = {isa = PBXFileReference; fileEncoding = 4; lastKnownFileType = sourcecode.swift; path = CityScreenController.swift; sourceTree = "<group>"; };
		426DEC7A1B14813100AC8E94 /* SwiftyJSON.swift */ = {isa = PBXFileReference; fileEncoding = 4; lastKnownFileType = sourcecode.swift; path = SwiftyJSON.swift; sourceTree = "<group>"; };
		426DEC7C1B148B2600AC8E94 /* stores.json */ = {isa = PBXFileReference; fileEncoding = 4; lastKnownFileType = text.json; path = stores.json; sourceTree = "<group>"; };
		428EE90E1B005C0B0003FB7C /* MainWindowController.swift */ = {isa = PBXFileReference; fileEncoding = 4; lastKnownFileType = sourcecode.swift; path = MainWindowController.swift; sourceTree = "<group>"; };
		42A075F71B1466EC00B4131C /* EventController.swift */ = {isa = PBXFileReference; fileEncoding = 4; lastKnownFileType = sourcecode.swift; path = EventController.swift; sourceTree = "<group>"; };
		42B2D36B1B1D2D4B00B079C1 /* user.json */ = {isa = PBXFileReference; fileEncoding = 4; lastKnownFileType = text.json; path = user.json; sourceTree = "<group>"; };
		42B43C6D1B11B74D001EA9E4 /* Button_Large_BG.png */ = {isa = PBXFileReference; lastKnownFileType = image.png; path = Button_Large_BG.png; sourceTree = "<group>"; };
		42B43C6F1B11BA03001EA9E4 /* Back_Arrow.png */ = {isa = PBXFileReference; lastKnownFileType = image.png; path = Back_Arrow.png; sourceTree = "<group>"; };
		42B43C711B11BCEF001EA9E4 /* Train_Map.png */ = {isa = PBXFileReference; lastKnownFileType = image.png; path = Train_Map.png; sourceTree = "<group>"; };
		42B43C731B11BE89001EA9E4 /* TrainStationController.swift */ = {isa = PBXFileReference; fileEncoding = 4; lastKnownFileType = sourcecode.swift; path = TrainStationController.swift; sourceTree = "<group>"; };
		42BE94BE1B13264F007076A0 /* Ticket.png */ = {isa = PBXFileReference; lastKnownFileType = image.png; path = Ticket.png; sourceTree = "<group>"; };
		42C627211B1407340012E5A3 /* Button_Thin.png */ = {isa = PBXFileReference; lastKnownFileType = image.png; path = Button_Thin.png; sourceTree = "<group>"; };
		42C627231B14073B0012E5A3 /* Button_Wide.png */ = {isa = PBXFileReference; lastKnownFileType = image.png; path = Button_Wide.png; sourceTree = "<group>"; };
		42CC50A31B0EE41800D7B841 /* utopolis.mp4 */ = {isa = PBXFileReference; lastKnownFileType = file; name = utopolis.mp4; path = Timelapses/utopolis.mp4; sourceTree = "<group>"; };
/* End PBXFileReference section */

/* Begin PBXFrameworksBuildPhase section */
		423425D11AF9C8D800CF08DA /* Frameworks */ = {
			isa = PBXFrameworksBuildPhase;
			buildActionMask = 2147483647;
			files = (
				4222B1971B018C2900FCBA0F /* QuartzCore.framework in Frameworks */,
			);
			runOnlyForDeploymentPostprocessing = 0;
		};
		423425E31AF9C8DC00CF08DA /* Frameworks */ = {
			isa = PBXFrameworksBuildPhase;
			buildActionMask = 2147483647;
			files = (
			);
			runOnlyForDeploymentPostprocessing = 0;
		};
/* End PBXFrameworksBuildPhase section */

/* Begin PBXGroup section */
		423425CB1AF9C8D700CF08DA = {
			isa = PBXGroup;
			children = (
				4222B1961B018C2900FCBA0F /* QuartzCore.framework */,
				423425D61AF9C8D800CF08DA /* New World */,
				423425E91AF9C8DD00CF08DA /* New WorldTests */,
				423425D51AF9C8D800CF08DA /* Products */,
			);
			sourceTree = "<group>";
		};
		423425D51AF9C8D800CF08DA /* Products */ = {
			isa = PBXGroup;
			children = (
				423425D41AF9C8D800CF08DA /* New World.app */,
				423425E61AF9C8DC00CF08DA /* New WorldTests.xctest */,
			);
			name = Products;
			sourceTree = "<group>";
		};
		423425D61AF9C8D800CF08DA /* New World */ = {
			isa = PBXGroup;
			children = (
				423425D91AF9C8DA00CF08DA /* AppDelegate.swift */,
				423425DB1AF9C8DA00CF08DA /* MoviewController.swift */,
				423425DD1AF9C8DB00CF08DA /* Images.xcassets */,
				423425DF1AF9C8DC00CF08DA /* Main.storyboard */,
				426DEC7A1B14813100AC8E94 /* SwiftyJSON.swift */,
				42A075F71B1466EC00B4131C /* EventController.swift */,
				4223F78E1B1400C400DD8A8B /* BankController.swift */,
				42B43C731B11BE89001EA9E4 /* TrainStationController.swift */,
				4266060E1B0AB5190065C32B /* CityScreenController.swift */,
				4222B19A1B01A65F00FCBA0F /* TitleScreenController.swift */,
				428EE90E1B005C0B0003FB7C /* MainWindowController.swift */,
				423425D71AF9C8D900CF08DA /* Supporting Files */,
			);
			path = "New World";
			sourceTree = "<group>";
		};
		423425D71AF9C8D900CF08DA /* Supporting Files */ = {
			isa = PBXGroup;
			children = (
				4222B19C1B01B23500FCBA0F /* Button_BG.png */,
				42C627211B1407340012E5A3 /* Button_Thin.png */,
				42C627231B14073B0012E5A3 /* Button_Wide.png */,
				42B43C6D1B11B74D001EA9E4 /* Button_Large_BG.png */,
				4208015D1B14120100397EE4 /* Button_Event.png */,
				4208015F1B14120C00397EE4 /* Button_Event_Special.png */,
				42B43C6F1B11BA03001EA9E4 /* Back_Arrow.png */,
				42B43C711B11BCEF001EA9E4 /* Train_Map.png */,
				42BE94BE1B13264F007076A0 /* Ticket.png */,
				422733851B13246A00533025 /* Ticket_Button.png */,
				4223F78A1B13FDDD00DD8A8B /* Blip.png */,
				4223F7881B13FDD000DD8A8B /* Blip_Active.png */,
				4223F78C1B13FE1D00DD8A8B /* Blip_Current.png */,
				4223F7921B14037E00DD8A8B /* Bank_BG.png */,
				4208015B1B1410D100397EE4 /* Shia.jpeg */,
				42CC50A31B0EE41800D7B841 /* utopolis.mp4 */,
				42B2D36B1B1D2D4B00B079C1 /* user.json */,
				426DEC7C1B148B2600AC8E94 /* stores.json */,
				42016F511B2AF2B1008C7D90 /* events.json */,
			);
			name = "Supporting Files";
			sourceTree = "<group>";
		};
		423425E91AF9C8DD00CF08DA /* New WorldTests */ = {
			isa = PBXGroup;
			children = (
				423425EC1AF9C8DE00CF08DA /* New_WorldTests.swift */,
				423425EA1AF9C8DE00CF08DA /* Supporting Files */,
			);
			path = "New WorldTests";
			sourceTree = "<group>";
		};
		423425EA1AF9C8DE00CF08DA /* Supporting Files */ = {
			isa = PBXGroup;
			children = (
				423425EB1AF9C8DE00CF08DA /* Info.plist */,
			);
			name = "Supporting Files";
			sourceTree = "<group>";
		};
/* End PBXGroup section */

/* Begin PBXNativeTarget section */
		423425D31AF9C8D800CF08DA /* New World */ = {
			isa = PBXNativeTarget;
			buildConfigurationList = 423425F01AF9C8DE00CF08DA /* Build configuration list for PBXNativeTarget "New World" */;
			buildPhases = (
				423425D01AF9C8D800CF08DA /* Sources */,
				423425D11AF9C8D800CF08DA /* Frameworks */,
				423425D21AF9C8D800CF08DA /* Resources */,
			);
			buildRules = (
			);
			dependencies = (
			);
			name = "New World";
			productName = "New World";
			productReference = 423425D41AF9C8D800CF08DA /* New World.app */;
			productType = "com.apple.product-type.application";
		};
		423425E51AF9C8DC00CF08DA /* New WorldTests */ = {
			isa = PBXNativeTarget;
			buildConfigurationList = 423425F31AF9C8DE00CF08DA /* Build configuration list for PBXNativeTarget "New WorldTests" */;
			buildPhases = (
				423425E21AF9C8DC00CF08DA /* Sources */,
				423425E31AF9C8DC00CF08DA /* Frameworks */,
				423425E41AF9C8DC00CF08DA /* Resources */,
			);
			buildRules = (
			);
			dependencies = (
				423425E81AF9C8DC00CF08DA /* PBXTargetDependency */,
			);
			name = "New WorldTests";
			productName = "New WorldTests";
			productReference = 423425E61AF9C8DC00CF08DA /* New WorldTests.xctest */;
			productType = "com.apple.product-type.bundle.unit-test";
		};
/* End PBXNativeTarget section */

/* Begin PBXProject section */
		423425CC1AF9C8D700CF08DA /* Project object */ = {
			isa = PBXProject;
			attributes = {
				LastUpgradeCheck = 0630;
				ORGANIZATIONNAME = Huw;
				TargetAttributes = {
					423425D31AF9C8D800CF08DA = {
						CreatedOnToolsVersion = 6.3.1;
					};
					423425E51AF9C8DC00CF08DA = {
						CreatedOnToolsVersion = 6.3.1;
						TestTargetID = 423425D31AF9C8D800CF08DA;
					};
				};
			};
			buildConfigurationList = 423425CF1AF9C8D700CF08DA /* Build configuration list for PBXProject "New World" */;
			compatibilityVersion = "Xcode 3.2";
			developmentRegion = English;
			hasScannedForEncodings = 0;
			knownRegions = (
				en,
				Base,
			);
			mainGroup = 423425CB1AF9C8D700CF08DA;
			productRefGroup = 423425D51AF9C8D800CF08DA /* Products */;
			projectDirPath = "";
			projectRoot = "";
			targets = (
				423425D31AF9C8D800CF08DA /* New World */,
				423425E51AF9C8DC00CF08DA /* New WorldTests */,
			);
		};
/* End PBXProject section */

/* Begin PBXResourcesBuildPhase section */
		423425D21AF9C8D800CF08DA /* Resources */ = {
			isa = PBXResourcesBuildPhase;
			buildActionMask = 2147483647;
			files = (
				420801601B14120C00397EE4 /* Button_Event_Special.png in Resources */,
				4223F78B1B13FDDD00DD8A8B /* Blip.png in Resources */,
				4208015C1B1410D100397EE4 /* Shia.jpeg in Resources */,
				42BE94BF1B13264F007076A0 /* Ticket.png in Resources */,
				42B2D36C1B1D2D4B00B079C1 /* user.json in Resources */,
				422733861B13246A00533025 /* Ticket_Button.png in Resources */,
				423425DE1AF9C8DB00CF08DA /* Images.xcassets in Resources */,
				4208015E1B14120100397EE4 /* Button_Event.png in Resources */,
				42B43C6E1B11B74D001EA9E4 /* Button_Large_BG.png in Resources */,
				4223F7891B13FDD000DD8A8B /* Blip_Active.png in Resources */,
				4223F78D1B13FE1D00DD8A8B /* Blip_Current.png in Resources */,
				42C627241B14073B0012E5A3 /* Button_Wide.png in Resources */,
				4223F7931B14037E00DD8A8B /* Bank_BG.png in Resources */,
				42B43C721B11BCEF001EA9E4 /* Train_Map.png in Resources */,
				42C627221B1407340012E5A3 /* Button_Thin.png in Resources */,
				42B43C701B11BA03001EA9E4 /* Back_Arrow.png in Resources */,
				423425E11AF9C8DC00CF08DA /* Main.storyboard in Resources */,
				42016F521B2AF2B1008C7D90 /* events.json in Resources */,
				42CC50AB1B0EE41800D7B841 /* utopolis.mp4 in Resources */,
				4222B19D1B01B23500FCBA0F /* Button_BG.png in Resources */,
				426DEC7D1B148B2600AC8E94 /* stores.json in Resources */,
			);
			runOnlyForDeploymentPostprocessing = 0;
		};
		423425E41AF9C8DC00CF08DA /* Resources */ = {
			isa = PBXResourcesBuildPhase;
			buildActionMask = 2147483647;
			files = (
			);
			runOnlyForDeploymentPostprocessing = 0;
		};
/* End PBXResourcesBuildPhase section */

/* Begin PBXSourcesBuildPhase section */
		423425D01AF9C8D800CF08DA /* Sources */ = {
			isa = PBXSourcesBuildPhase;
			buildActionMask = 2147483647;
			files = (
				4222B19B1B01A65F00FCBA0F /* TitleScreenController.swift in Sources */,
				42B43C751B11BE89001EA9E4 /* TrainStationController.swift in Sources */,
				4223F78F1B1400C400DD8A8B /* BankController.swift in Sources */,
				423425DC1AF9C8DA00CF08DA /* MoviewController.swift in Sources */,
				4266060F1B0AB5190065C32B /* CityScreenController.swift in Sources */,
				423425DA1AF9C8DA00CF08DA /* AppDelegate.swift in Sources */,
				426DEC7B1B14813100AC8E94 /* SwiftyJSON.swift in Sources */,
				42A075F81B1466EC00B4131C /* EventController.swift in Sources */,
				428EE90F1B005C0B0003FB7C /* MainWindowController.swift in Sources */,
			);
			runOnlyForDeploymentPostprocessing = 0;
		};
		423425E21AF9C8DC00CF08DA /* Sources */ = {
			isa = PBXSourcesBuildPhase;
			buildActionMask = 2147483647;
			files = (
				423425ED1AF9C8DE00CF08DA /* New_WorldTests.swift in Sources */,
			);
			runOnlyForDeploymentPostprocessing = 0;
		};
/* End PBXSourcesBuildPhase section */

/* Begin PBXTargetDependency section */
		423425E81AF9C8DC00CF08DA /* PBXTargetDependency */ = {
			isa = PBXTargetDependency;
			target = 423425D31AF9C8D800CF08DA /* New World */;
			targetProxy = 423425E71AF9C8DC00CF08DA /* PBXContainerItemProxy */;
		};
/* End PBXTargetDependency section */

/* Begin PBXVariantGroup section */
		423425DF1AF9C8DC00CF08DA /* Main.storyboard */ = {
			isa = PBXVariantGroup;
			children = (
				423425E01AF9C8DC00CF08DA /* Base */,
			);
			name = Main.storyboard;
			sourceTree = "<group>";
		};
/* End PBXVariantGroup section */

/* Begin XCBuildConfiguration section */
		423425EE1AF9C8DE00CF08DA /* Debug */ = {
			isa = XCBuildConfiguration;
			buildSettings = {
				ALWAYS_SEARCH_USER_PATHS = NO;
				CLANG_CXX_LANGUAGE_STANDARD = "gnu++0x";
				CLANG_CXX_LIBRARY = "libc++";
				CLANG_ENABLE_MODULES = YES;
				CLANG_ENABLE_OBJC_ARC = YES;
				CLANG_WARN_BOOL_CONVERSION = YES;
				CLANG_WARN_CONSTANT_CONVERSION = YES;
				CLANG_WARN_DIRECT_OBJC_ISA_USAGE = YES_ERROR;
				CLANG_WARN_EMPTY_BODY = YES;
				CLANG_WARN_ENUM_CONVERSION = YES;
				CLANG_WARN_INT_CONVERSION = YES;
				CLANG_WARN_OBJC_ROOT_CLASS = YES_ERROR;
				CLANG_WARN_UNREACHABLE_CODE = YES;
				CLANG_WARN__DUPLICATE_METHOD_MATCH = YES;
				CODE_SIGN_IDENTITY = "-";
				COPY_PHASE_STRIP = NO;
				DEBUG_INFORMATION_FORMAT = dwarf;
				ENABLE_STRICT_OBJC_MSGSEND = YES;
				GCC_C_LANGUAGE_STANDARD = gnu99;
				GCC_DYNAMIC_NO_PIC = NO;
				GCC_NO_COMMON_BLOCKS = YES;
				GCC_OPTIMIZATION_LEVEL = 0;
				GCC_PREPROCESSOR_DEFINITIONS = (
					"DEBUG=1",
					"$(inherited)",
				);
				GCC_SYMBOLS_PRIVATE_EXTERN = NO;
				GCC_WARN_64_TO_32_BIT_CONVERSION = YES;
				GCC_WARN_ABOUT_RETURN_TYPE = YES_ERROR;
				GCC_WARN_UNDECLARED_SELECTOR = YES;
				GCC_WARN_UNINITIALIZED_AUTOS = YES_AGGRESSIVE;
				GCC_WARN_UNUSED_FUNCTION = YES;
				GCC_WARN_UNUSED_VARIABLE = YES;
				MACOSX_DEPLOYMENT_TARGET = 10.10;
				MTL_ENABLE_DEBUG_INFO = YES;
				ONLY_ACTIVE_ARCH = YES;
				SDKROOT = macosx;
				SWIFT_OPTIMIZATION_LEVEL = "-Onone";
			};
			name = Debug;
		};
		423425EF1AF9C8DE00CF08DA /* Release */ = {
			isa = XCBuildConfiguration;
			buildSettings = {
				ALWAYS_SEARCH_USER_PATHS = NO;
				CLANG_CXX_LANGUAGE_STANDARD = "gnu++0x";
				CLANG_CXX_LIBRARY = "libc++";
				CLANG_ENABLE_MODULES = YES;
				CLANG_ENABLE_OBJC_ARC = YES;
				CLANG_WARN_BOOL_CONVERSION = YES;
				CLANG_WARN_CONSTANT_CONVERSION = YES;
				CLANG_WARN_DIRECT_OBJC_ISA_USAGE = YES_ERROR;
				CLANG_WARN_EMPTY_BODY = YES;
				CLANG_WARN_ENUM_CONVERSION = YES;
				CLANG_WARN_INT_CONVERSION = YES;
				CLANG_WARN_OBJC_ROOT_CLASS = YES_ERROR;
				CLANG_WARN_UNREACHABLE_CODE = YES;
				CLANG_WARN__DUPLICATE_METHOD_MATCH = YES;
				CODE_SIGN_IDENTITY = "-";
				COPY_PHASE_STRIP = NO;
				DEBUG_INFORMATION_FORMAT = "dwarf-with-dsym";
				ENABLE_NS_ASSERTIONS = NO;
				ENABLE_STRICT_OBJC_MSGSEND = YES;
				GCC_C_LANGUAGE_STANDARD = gnu99;
				GCC_NO_COMMON_BLOCKS = YES;
				GCC_WARN_64_TO_32_BIT_CONVERSION = YES;
				GCC_WARN_ABOUT_RETURN_TYPE = YES_ERROR;
				GCC_WARN_UNDECLARED_SELECTOR = YES;
				GCC_WARN_UNINITIALIZED_AUTOS = YES_AGGRESSIVE;
				GCC_WARN_UNUSED_FUNCTION = YES;
				GCC_WARN_UNUSED_VARIABLE = YES;
				MACOSX_DEPLOYMENT_TARGET = 10.10;
				MTL_ENABLE_DEBUG_INFO = NO;
				SDKROOT = macosx;
			};
			name = Release;
		};
		423425F11AF9C8DE00CF08DA /* Debug */ = {
			isa = XCBuildConfiguration;
			buildSettings = {
				ASSETCATALOG_COMPILER_APPICON_NAME = AppIcon;
				COMBINE_HIDPI_IMAGES = YES;
				INFOPLIST_FILE = "New World/Info.plist";
				LD_RUNPATH_SEARCH_PATHS = "$(inherited) @executable_path/../Frameworks";
				PRODUCT_NAME = "$(TARGET_NAME)";
			};
			name = Debug;
		};
		423425F21AF9C8DE00CF08DA /* Release */ = {
			isa = XCBuildConfiguration;
			buildSettings = {
				ASSETCATALOG_COMPILER_APPICON_NAME = AppIcon;
				COMBINE_HIDPI_IMAGES = YES;
				INFOPLIST_FILE = "New World/Info.plist";
				LD_RUNPATH_SEARCH_PATHS = "$(inherited) @executable_path/../Frameworks";
				PRODUCT_NAME = "$(TARGET_NAME)";
			};
			name = Release;
		};
		423425F41AF9C8DE00CF08DA /* Debug */ = {
			isa = XCBuildConfiguration;
			buildSettings = {
				BUNDLE_LOADER = "$(TEST_HOST)";
				COMBINE_HIDPI_IMAGES = YES;
				FRAMEWORK_SEARCH_PATHS = (
					"$(DEVELOPER_FRAMEWORKS_DIR)",
					"$(inherited)",
				);
				GCC_PREPROCESSOR_DEFINITIONS = (
					"DEBUG=1",
					"$(inherited)",
				);
				INFOPLIST_FILE = "New WorldTests/Info.plist";
				LD_RUNPATH_SEARCH_PATHS = "$(inherited) @executable_path/../Frameworks @loader_path/../Frameworks";
				PRODUCT_NAME = "$(TARGET_NAME)";
				TEST_HOST = "$(BUILT_PRODUCTS_DIR)/New World.app/Contents/MacOS/New World";
			};
			name = Debug;
		};
		423425F51AF9C8DE00CF08DA /* Release */ = {
			isa = XCBuildConfiguration;
			buildSettings = {
				BUNDLE_LOADER = "$(TEST_HOST)";
				COMBINE_HIDPI_IMAGES = YES;
				FRAMEWORK_SEARCH_PATHS = (
					"$(DEVELOPER_FRAMEWORKS_DIR)",
					"$(inherited)",
				);
				INFOPLIST_FILE = "New WorldTests/Info.plist";
				LD_RUNPATH_SEARCH_PATHS = "$(inherited) @executable_path/../Frameworks @loader_path/../Frameworks";
				PRODUCT_NAME = "$(TARGET_NAME)";
				TEST_HOST = "$(BUILT_PRODUCTS_DIR)/New World.app/Contents/MacOS/New World";
			};
			name = Release;
		};
/* End XCBuildConfiguration section */

/* Begin XCConfigurationList section */
		423425CF1AF9C8D700CF08DA /* Build configuration list for PBXProject "New World" */ = {
			isa = XCConfigurationList;
			buildConfigurations = (
				423425EE1AF9C8DE00CF08DA /* Debug */,
				423425EF1AF9C8DE00CF08DA /* Release */,
			);
			defaultConfigurationIsVisible = 0;
			defaultConfigurationName = Release;
		};
		423425F01AF9C8DE00CF08DA /* Build configuration list for PBXNativeTarget "New World" */ = {
			isa = XCConfigurationList;
			buildConfigurations = (
				423425F11AF9C8DE00CF08DA /* Debug */,
				423425F21AF9C8DE00CF08DA /* Release */,
			);
			defaultConfigurationIsVisible = 0;
			defaultConfigurationName = Release;
		};
		423425F31AF9C8DE00CF08DA /* Build configuration list for PBXNativeTarget "New WorldTests" */ = {
			isa = XCConfigurationList;
			buildConfigurations = (
				423425F41AF9C8DE00CF08DA /* Debug */,
				423425F51AF9C8DE00CF08DA /* Release */,
			);
			defaultConfigurationIsVisible = 0;
			defaultConfigurationName = Release;
		};
/* End XCConfigurationList section */
	};
	rootObject = 423425CC1AF9C8D700CF08DA /* Project object */;
}
